// !$*UTF8*$!
{
	archiveVersion = 1;
	classes = {
	};
	objectVersion = 56;
	objects = {

/* Begin PBXBuildFile section */
		55D6B4D82AF6C13E006136F9 /* AppDelegate.swift in Sources */ = {isa = PBXBuildFile; fileRef = 55D6B4D72AF6C13E006136F9 /* AppDelegate.swift */; };
		55D6B4DA2AF6C13E006136F9 /* SceneDelegate.swift in Sources */ = {isa = PBXBuildFile; fileRef = 55D6B4D92AF6C13E006136F9 /* SceneDelegate.swift */; };
		55D6B4DC2AF6C13E006136F9 /* ViewController.swift in Sources */ = {isa = PBXBuildFile; fileRef = 55D6B4DB2AF6C13E006136F9 /* ViewController.swift */; };
		55D6B4DF2AF6C13E006136F9 /* Main.storyboard in Resources */ = {isa = PBXBuildFile; fileRef = 55D6B4DD2AF6C13E006136F9 /* Main.storyboard */; };
		55D6B4E12AF6C140006136F9 /* Assets.xcassets in Resources */ = {isa = PBXBuildFile; fileRef = 55D6B4E02AF6C140006136F9 /* Assets.xcassets */; };
		55D6B4E42AF6C140006136F9 /* LaunchScreen.storyboard in Resources */ = {isa = PBXBuildFile; fileRef = 55D6B4E22AF6C140006136F9 /* LaunchScreen.storyboard */; };
		55D6B4EC2AF6C158006136F9 /* moviesModel.swift in Sources */ = {isa = PBXBuildFile; fileRef = 55D6B4EB2AF6C158006136F9 /* moviesModel.swift */; };
		55D6B4EF2AF6C9DA006136F9 /* MovieTableViewCell.swift in Sources */ = {isa = PBXBuildFile; fileRef = 55D6B4ED2AF6C9DA006136F9 /* MovieTableViewCell.swift */; };
		55D6B4F02AF6C9DA006136F9 /* MovieTableViewCell.xib in Resources */ = {isa = PBXBuildFile; fileRef = 55D6B4EE2AF6C9DA006136F9 /* MovieTableViewCell.xib */; };
		55D6B4F32AF6CA64006136F9 /* MovieCollectionViewCell.swift in Sources */ = {isa = PBXBuildFile; fileRef = 55D6B4F12AF6CA64006136F9 /* MovieCollectionViewCell.swift */; };
		55D6B4F42AF6CA64006136F9 /* MovieCollectionViewCell.xib in Resources */ = {isa = PBXBuildFile; fileRef = 55D6B4F22AF6CA64006136F9 /* MovieCollectionViewCell.xib */; };
/* End PBXBuildFile section */

/* Begin PBXFileReference section */
		55D6B4D42AF6C13E006136F9 /* NetflixChafa.app */ = {isa = PBXFileReference; explicitFileType = wrapper.application; includeInIndex = 0; path = NetflixChafa.app; sourceTree = BUILT_PRODUCTS_DIR; };
		55D6B4D72AF6C13E006136F9 /* AppDelegate.swift */ = {isa = PBXFileReference; lastKnownFileType = sourcecode.swift; path = AppDelegate.swift; sourceTree = "<group>"; };
		55D6B4D92AF6C13E006136F9 /* SceneDelegate.swift */ = {isa = PBXFileReference; lastKnownFileType = sourcecode.swift; path = SceneDelegate.swift; sourceTree = "<group>"; };
		55D6B4DB2AF6C13E006136F9 /* ViewController.swift */ = {isa = PBXFileReference; lastKnownFileType = sourcecode.swift; path = ViewController.swift; sourceTree = "<group>"; };
		55D6B4DE2AF6C13E006136F9 /* Base */ = {isa = PBXFileReference; lastKnownFileType = file.storyboard; name = Base; path = Base.lproj/Main.storyboard; sourceTree = "<group>"; };
		55D6B4E02AF6C140006136F9 /* Assets.xcassets */ = {isa = PBXFileReference; lastKnownFileType = folder.assetcatalog; path = Assets.xcassets; sourceTree = "<group>"; };
		55D6B4E32AF6C140006136F9 /* Base */ = {isa = PBXFileReference; lastKnownFileType = file.storyboard; name = Base; path = Base.lproj/LaunchScreen.storyboard; sourceTree = "<group>"; };
		55D6B4E52AF6C140006136F9 /* Info.plist */ = {isa = PBXFileReference; lastKnownFileType = text.plist.xml; path = Info.plist; sourceTree = "<group>"; };
		55D6B4EB2AF6C158006136F9 /* moviesModel.swift */ = {isa = PBXFileReference; lastKnownFileType = sourcecode.swift; path = moviesModel.swift; sourceTree = "<group>"; };
		55D6B4ED2AF6C9DA006136F9 /* MovieTableViewCell.swift */ = {isa = PBXFileReference; lastKnownFileType = sourcecode.swift; path = MovieTableViewCell.swift; sourceTree = "<group>"; };
		55D6B4EE2AF6C9DA006136F9 /* MovieTableViewCell.xib */ = {isa = PBXFileReference; lastKnownFileType = file.xib; path = MovieTableViewCell.xib; sourceTree = "<group>"; };
		55D6B4F12AF6CA64006136F9 /* MovieCollectionViewCell.swift */ = {isa = PBXFileReference; lastKnownFileType = sourcecode.swift; path = MovieCollectionViewCell.swift; sourceTree = "<group>"; };
		55D6B4F22AF6CA64006136F9 /* MovieCollectionViewCell.xib */ = {isa = PBXFileReference; lastKnownFileType = file.xib; path = MovieCollectionViewCell.xib; sourceTree = "<group>"; };
/* End PBXFileReference section */

/* Begin PBXFrameworksBuildPhase section */
		55D6B4D12AF6C13E006136F9 /* Frameworks */ = {
			isa = PBXFrameworksBuildPhase;
			buildActionMask = 2147483647;
			files = (
			);
			runOnlyForDeploymentPostprocessing = 0;
		};
/* End PBXFrameworksBuildPhase section */

/* Begin PBXGroup section */
		55D6B4CB2AF6C13E006136F9 = {
			isa = PBXGroup;
			children = (
				55D6B4D62AF6C13E006136F9 /* NetflixChafa */,
				55D6B4D52AF6C13E006136F9 /* Products */,
			);
			sourceTree = "<group>";
		};
		55D6B4D52AF6C13E006136F9 /* Products */ = {
			isa = PBXGroup;
			children = (
				55D6B4D42AF6C13E006136F9 /* NetflixChafa.app */,
			);
			name = Products;
			sourceTree = "<group>";
		};
		55D6B4D62AF6C13E006136F9 /* NetflixChafa */ = {
			isa = PBXGroup;
			children = (
				55D6B4D72AF6C13E006136F9 /* AppDelegate.swift */,
				55D6B4D92AF6C13E006136F9 /* SceneDelegate.swift */,
				55D6B4DB2AF6C13E006136F9 /* ViewController.swift */,
				55D6B4DD2AF6C13E006136F9 /* Main.storyboard */,
				55D6B4E02AF6C140006136F9 /* Assets.xcassets */,
				55D6B4E22AF6C140006136F9 /* LaunchScreen.storyboard */,
				55D6B4E52AF6C140006136F9 /* Info.plist */,
				55D6B4EB2AF6C158006136F9 /* moviesModel.swift */,
				55D6B4ED2AF6C9DA006136F9 /* MovieTableViewCell.swift */,
				55D6B4EE2AF6C9DA006136F9 /* MovieTableViewCell.xib */,
				55D6B4F12AF6CA64006136F9 /* MovieCollectionViewCell.swift */,
				55D6B4F22AF6CA64006136F9 /* MovieCollectionViewCell.xib */,
			);
			path = NetflixChafa;
			sourceTree = "<group>";
		};
/* End PBXGroup section */

/* Begin PBXNativeTarget section */
		55D6B4D32AF6C13E006136F9 /* NetflixChafa */ = {
			isa = PBXNativeTarget;
			buildConfigurationList = 55D6B4E82AF6C140006136F9 /* Build configuration list for PBXNativeTarget "NetflixChafa" */;
			buildPhases = (
				55D6B4D02AF6C13E006136F9 /* Sources */,
				55D6B4D12AF6C13E006136F9 /* Frameworks */,
				55D6B4D22AF6C13E006136F9 /* Resources */,
			);
			buildRules = (
			);
			dependencies = (
			);
			name = NetflixChafa;
			productName = NetflixChafa;
			productReference = 55D6B4D42AF6C13E006136F9 /* NetflixChafa.app */;
			productType = "com.apple.product-type.application";
		};
/* End PBXNativeTarget section */

/* Begin PBXProject section */
		55D6B4CC2AF6C13E006136F9 /* Project object */ = {
			isa = PBXProject;
			attributes = {
				BuildIndependentTargetsInParallel = 1;
				LastSwiftUpdateCheck = 1500;
				LastUpgradeCheck = 1500;
				TargetAttributes = {
					55D6B4D32AF6C13E006136F9 = {
						CreatedOnToolsVersion = 15.0;
					};
				};
			};
			buildConfigurationList = 55D6B4CF2AF6C13E006136F9 /* Build configuration list for PBXProject "NetflixChafa" */;
			compatibilityVersion = "Xcode 14.0";
			developmentRegion = en;
			hasScannedForEncodings = 0;
			knownRegions = (
				en,
				Base,
			);
			mainGroup = 55D6B4CB2AF6C13E006136F9;
			productRefGroup = 55D6B4D52AF6C13E006136F9 /* Products */;
			projectDirPath = "";
			projectRoot = "";
			targets = (
				55D6B4D32AF6C13E006136F9 /* NetflixChafa */,
			);
		};
/* End PBXProject section */

/* Begin PBXResourcesBuildPhase section */
		55D6B4D22AF6C13E006136F9 /* Resources */ = {
			isa = PBXResourcesBuildPhase;
			buildActionMask = 2147483647;
			files = (
				55D6B4F42AF6CA64006136F9 /* MovieCollectionViewCell.xib in Resources */,
				55D6B4E42AF6C140006136F9 /* LaunchScreen.storyboard in Resources */,
				55D6B4E12AF6C140006136F9 /* Assets.xcassets in Resources */,
				55D6B4F02AF6C9DA006136F9 /* MovieTableViewCell.xib in Resources */,
				55D6B4DF2AF6C13E006136F9 /* Main.storyboard in Resources */,
			);
			runOnlyForDeploymentPostprocessing = 0;
		};
/* End PBXResourcesBuildPhase section */

/* Begin PBXSourcesBuildPhase section */
		55D6B4D02AF6C13E006136F9 /* Sources */ = {
			isa = PBXSourcesBuildPhase;
			buildActionMask = 2147483647;
			files = (
				55D6B4EF2AF6C9DA006136F9 /* MovieTableViewCell.swift in Sources */,
				55D6B4EC2AF6C158006136F9 /* moviesModel.swift in Sources */,
				55D6B4DC2AF6C13E006136F9 /* ViewController.swift in Sources */,
				55D6B4F32AF6CA64006136F9 /* MovieCollectionViewCell.swift in Sources */,
				55D6B4D82AF6C13E006136F9 /* AppDelegate.swift in Sources */,
				55D6B4DA2AF6C13E006136F9 /* SceneDelegate.swift in Sources */,
			);
			runOnlyForDeploymentPostprocessing = 0;
		};
/* End PBXSourcesBuildPhase section */

/* Begin PBXVariantGroup section */
		55D6B4DD2AF6C13E006136F9 /* Main.storyboard */ = {
			isa = PBXVariantGroup;
			children = (
				55D6B4DE2AF6C13E006136F9 /* Base */,
			);
			name = Main.storyboard;
			sourceTree = "<group>";
		};
		55D6B4E22AF6C140006136F9 /* LaunchScreen.storyboard */ = {
			isa = PBXVariantGroup;
			children = (
				55D6B4E32AF6C140006136F9 /* Base */,
			);
			name = LaunchScreen.storyboard;
			sourceTree = "<group>";
		};
/* End PBXVariantGroup section */

/* Begin XCBuildConfiguration section */
		55D6B4E62AF6C140006136F9 /* Debug */ = {
			isa = XCBuildConfiguration;
			buildSettings = {
				ALWAYS_SEARCH_USER_PATHS = NO;
				ASSETCATALOG_COMPILER_GENERATE_SWIFT_ASSET_SYMBOL_EXTENSIONS = YES;
				CLANG_ANALYZER_NONNULL = YES;
				CLANG_ANALYZER_NUMBER_OBJECT_CONVERSION = YES_AGGRESSIVE;
				CLANG_CXX_LANGUAGE_STANDARD = "gnu++20";
				CLANG_ENABLE_MODULES = YES;
				CLANG_ENABLE_OBJC_ARC = YES;
				CLANG_ENABLE_OBJC_WEAK = YES;
				CLANG_WARN_BLOCK_CAPTURE_AUTORELEASING = YES;
				CLANG_WARN_BOOL_CONVERSION = YES;
				CLANG_WARN_COMMA = YES;
				CLANG_WARN_CONSTANT_CONVERSION = YES;
				CLANG_WARN_DEPRECATED_OBJC_IMPLEMENTATIONS = YES;
				CLANG_WARN_DIRECT_OBJC_ISA_USAGE = YES_ERROR;
				CLANG_WARN_DOCUMENTATION_COMMENTS = YES;
				CLANG_WARN_EMPTY_BODY = YES;
				CLANG_WARN_ENUM_CONVERSION = YES;
				CLANG_WARN_INFINITE_RECURSION = YES;
				CLANG_WARN_INT_CONVERSION = YES;
				CLANG_WARN_NON_LITERAL_NULL_CONVERSION = YES;
				CLANG_WARN_OBJC_IMPLICIT_RETAIN_SELF = YES;
				CLANG_WARN_OBJC_LITERAL_CONVERSION = YES;
				CLANG_WARN_OBJC_ROOT_CLASS = YES_ERROR;
				CLANG_WARN_QUOTED_INCLUDE_IN_FRAMEWORK_HEADER = YES;
				CLANG_WARN_RANGE_LOOP_ANALYSIS = YES;
				CLANG_WARN_STRICT_PROTOTYPES = YES;
				CLANG_WARN_SUSPICIOUS_MOVE = YES;
				CLANG_WARN_UNGUARDED_AVAILABILITY = YES_AGGRESSIVE;
				CLANG_WARN_UNREACHABLE_CODE = YES;
				CLANG_WARN__DUPLICATE_METHOD_MATCH = YES;
				COPY_PHASE_STRIP = NO;
				DEBUG_INFORMATION_FORMAT = dwarf;
				ENABLE_STRICT_OBJC_MSGSEND = YES;
				ENABLE_TESTABILITY = YES;
				ENABLE_USER_SCRIPT_SANDBOXING = YES;
				GCC_C_LANGUAGE_STANDARD = gnu17;
				GCC_DYNAMIC_NO_PIC = NO;
				GCC_NO_COMMON_BLOCKS = YES;
				GCC_OPTIMIZATION_LEVEL = 0;
				GCC_PREPROCESSOR_DEFINITIONS = (
					"DEBUG=1",
					"$(inherited)",
				);
				GCC_WARN_64_TO_32_BIT_CONVERSION = YES;
				GCC_WARN_ABOUT_RETURN_TYPE = YES_ERROR;
				GCC_WARN_UNDECLARED_SELECTOR = YES;
				GCC_WARN_UNINITIALIZED_AUTOS = YES_AGGRESSIVE;
				GCC_WARN_UNUSED_FUNCTION = YES;
				GCC_WARN_UNUSED_VARIABLE = YES;
				IPHONEOS_DEPLOYMENT_TARGET = 17.0;
				LOCALIZATION_PREFERS_STRING_CATALOGS = YES;
				MTL_ENABLE_DEBUG_INFO = INCLUDE_SOURCE;
				MTL_FAST_MATH = YES;
				ONLY_ACTIVE_ARCH = YES;
				SDKROOT = iphoneos;
				SWIFT_ACTIVE_COMPILATION_CONDITIONS = "DEBUG $(inherited)";
				SWIFT_OPTIMIZATION_LEVEL = "-Onone";
			};
			name = Debug;
		};
		55D6B4E72AF6C140006136F9 /* Release */ = {
			isa = XCBuildConfiguration;
			buildSettings = {
				ALWAYS_SEARCH_USER_PATHS = NO;
				ASSETCATALOG_COMPILER_GENERATE_SWIFT_ASSET_SYMBOL_EXTENSIONS = YES;
				CLANG_ANALYZER_NONNULL = YES;
				CLANG_ANALYZER_NUMBER_OBJECT_CONVERSION = YES_AGGRESSIVE;
				CLANG_CXX_LANGUAGE_STANDARD = "gnu++20";
				CLANG_ENABLE_MODULES = YES;
				CLANG_ENABLE_OBJC_ARC = YES;
				CLANG_ENABLE_OBJC_WEAK = YES;
				CLANG_WARN_BLOCK_CAPTURE_AUTORELEASING = YES;
				CLANG_WARN_BOOL_CONVERSION = YES;
				CLANG_WARN_COMMA = YES;
				CLANG_WARN_CONSTANT_CONVERSION = YES;
				CLANG_WARN_DEPRECATED_OBJC_IMPLEMENTATIONS = YES;
				CLANG_WARN_DIRECT_OBJC_ISA_USAGE = YES_ERROR;
				CLANG_WARN_DOCUMENTATION_COMMENTS = YES;
				CLANG_WARN_EMPTY_BODY = YES;
				CLANG_WARN_ENUM_CONVERSION = YES;
				CLANG_WARN_INFINITE_RECURSION = YES;
				CLANG_WARN_INT_CONVERSION = YES;
				CLANG_WARN_NON_LITERAL_NULL_CONVERSION = YES;
				CLANG_WARN_OBJC_IMPLICIT_RETAIN_SELF = YES;
				CLANG_WARN_OBJC_LITERAL_CONVERSION = YES;
				CLANG_WARN_OBJC_ROOT_CLASS = YES_ERROR;
				CLANG_WARN_QUOTED_INCLUDE_IN_FRAMEWORK_HEADER = YES;
				CLANG_WARN_RANGE_LOOP_ANALYSIS = YES;
				CLANG_WARN_STRICT_PROTOTYPES = YES;
				CLANG_WARN_SUSPICIOUS_MOVE = YES;
				CLANG_WARN_UNGUARDED_AVAILABILITY = YES_AGGRESSIVE;
				CLANG_WARN_UNREACHABLE_CODE = YES;
				CLANG_WARN__DUPLICATE_METHOD_MATCH = YES;
				COPY_PHASE_STRIP = NO;
				DEBUG_INFORMATION_FORMAT = "dwarf-with-dsym";
				ENABLE_NS_ASSERTIONS = NO;
				ENABLE_STRICT_OBJC_MSGSEND = YES;
				ENABLE_USER_SCRIPT_SANDBOXING = YES;
				GCC_C_LANGUAGE_STANDARD = gnu17;
				GCC_NO_COMMON_BLOCKS = YES;
				GCC_WARN_64_TO_32_BIT_CONVERSION = YES;
				GCC_WARN_ABOUT_RETURN_TYPE = YES_ERROR;
				GCC_WARN_UNDECLARED_SELECTOR = YES;
				GCC_WARN_UNINITIALIZED_AUTOS = YES_AGGRESSIVE;
				GCC_WARN_UNUSED_FUNCTION = YES;
				GCC_WARN_UNUSED_VARIABLE = YES;
				IPHONEOS_DEPLOYMENT_TARGET = 17.0;
				LOCALIZATION_PREFERS_STRING_CATALOGS = YES;
				MTL_ENABLE_DEBUG_INFO = NO;
				MTL_FAST_MATH = YES;
				SDKROOT = iphoneos;
				SWIFT_COMPILATION_MODE = wholemodule;
				VALIDATE_PRODUCT = YES;
			};
			name = Release;
		};
		55D6B4E92AF6C140006136F9 /* Debug */ = {
			isa = XCBuildConfiguration;
			buildSettings = {
				ASSETCATALOG_COMPILER_APPICON_NAME = AppIcon;
				ASSETCATALOG_COMPILER_GLOBAL_ACCENT_COLOR_NAME = AccentColor;
				CODE_SIGN_STYLE = Automatic;
				CURRENT_PROJECT_VERSION = 1;
				GENERATE_INFOPLIST_FILE = YES;
				INFOPLIST_FILE = NetflixChafa/Info.plist;
				INFOPLIST_KEY_UIApplicationSupportsIndirectInputEvents = YES;
				INFOPLIST_KEY_UILaunchStoryboardName = LaunchScreen;
				INFOPLIST_KEY_UIMainStoryboardFile = Main;
				INFOPLIST_KEY_UISupportedInterfaceOrientations_iPad = "UIInterfaceOrientationPortrait UIInterfaceOrientationPortraitUpsideDown UIInterfaceOrientationLandscapeLeft UIInterfaceOrientationLandscapeRight";
				INFOPLIST_KEY_UISupportedInterfaceOrientations_iPhone = "UIInterfaceOrientationPortrait UIInterfaceOrientationLandscapeLeft UIInterfaceOrientationLandscapeRight";
				IPHONEOS_DEPLOYMENT_TARGET = 16.3;
				LD_RUNPATH_SEARCH_PATHS = (
					"$(inherited)",
					"@executable_path/Frameworks",
				);
				MARKETING_VERSION = 1.0;
				PRODUCT_BUNDLE_IDENTIFIER = uriel.soubran.NetflixChafa;
				PRODUCT_NAME = "$(TARGET_NAME)";
				SWIFT_EMIT_LOC_STRINGS = YES;
				SWIFT_VERSION = 5.0;
				TARGETED_DEVICE_FAMILY = "1,2";
			};
			name = Debug;
		};
		55D6B4EA2AF6C140006136F9 /* Release */ = {
			isa = XCBuildConfiguration;
			buildSettings = {
				ASSETCATALOG_COMPILER_APPICON_NAME = AppIcon;
				ASSETCATALOG_COMPILER_GLOBAL_ACCENT_COLOR_NAME = AccentColor;
				CODE_SIGN_STYLE = Automatic;
				CURRENT_PROJECT_VERSION = 1;
				GENERATE_INFOPLIST_FILE = YES;
				INFOPLIST_FILE = NetflixChafa/Info.plist;
				INFOPLIST_KEY_UIApplicationSupportsIndirectInputEvents = YES;
				INFOPLIST_KEY_UILaunchStoryboardName = LaunchScreen;
				INFOPLIST_KEY_UIMainStoryboardFile = Main;
				INFOPLIST_KEY_UISupportedInterfaceOrientations_iPad = "UIInterfaceOrientationPortrait UIInterfaceOrientationPortraitUpsideDown UIInterfaceOrientationLandscapeLeft UIInterfaceOrientationLandscapeRight";
				INFOPLIST_KEY_UISupportedInterfaceOrientations_iPhone = "UIInterfaceOrientationPortrait UIInterfaceOrientationLandscapeLeft UIInterfaceOrientationLandscapeRight";
				IPHONEOS_DEPLOYMENT_TARGET = 16.3;
				LD_RUNPATH_SEARCH_PATHS = (
					"$(inherited)",
					"@executable_path/Frameworks",
				);
				MARKETING_VERSION = 1.0;
				PRODUCT_BUNDLE_IDENTIFIER = uriel.soubran.NetflixChafa;
				PRODUCT_NAME = "$(TARGET_NAME)";
				SWIFT_EMIT_LOC_STRINGS = YES;
				SWIFT_VERSION = 5.0;
				TARGETED_DEVICE_FAMILY = "1,2";
			};
			name = Release;
		};
/* End XCBuildConfiguration section */

/* Begin XCConfigurationList section */
		55D6B4CF2AF6C13E006136F9 /* Build configuration list for PBXProject "NetflixChafa" */ = {
			isa = XCConfigurationList;
			buildConfigurations = (
				55D6B4E62AF6C140006136F9 /* Debug */,
				55D6B4E72AF6C140006136F9 /* Release */,
			);
			defaultConfigurationIsVisible = 0;
			defaultConfigurationName = Release;
		};
		55D6B4E82AF6C140006136F9 /* Build configuration list for PBXNativeTarget "NetflixChafa" */ = {
			isa = XCConfigurationList;
			buildConfigurations = (
				55D6B4E92AF6C140006136F9 /* Debug */,
				55D6B4EA2AF6C140006136F9 /* Release */,
			);
			defaultConfigurationIsVisible = 0;
			defaultConfigurationName = Release;
		};
/* End XCConfigurationList section */
	};
	rootObject = 55D6B4CC2AF6C13E006136F9 /* Project object */;
}
